
Microsoft Visual Studio Solution File, Format Version 12.00
Project("{FAE04EC0-301F-11D3-BF4B-00C04F79EFBC}") = "SES.WebApi", "SES.WebApi\SES.WebApi.csproj", "{BF604489-7E95-4700-A000-0DCECE52D7D7}"
EndProject
Project("{FAE04EC0-301F-11D3-BF4B-00C04F79EFBC}") = "SES.Data.EF.Access", "SES.Data.EF.Access\SES.Data.EF.Access.csproj", "{D40C2406-7149-40C1-B00E-F6DE8154327D}"
EndProject
Project("{FAE04EC0-301F-11D3-BF4B-00C04F79EFBC}") = "SES.Data", "SES.Data\SES.Data.csproj", "{8AA1B261-764C-4B41-8CEC-96562476DB2F}"
EndProject
Project("{FAE04EC0-301F-11D3-BF4B-00C04F79EFBC}") = "SES.Domain", "SES.Domain\SES.Domain.csproj", "{D7A7C436-B9D5-42A2-8EE2-F17435B92F87}"
EndProject
Project("{FAE04EC0-301F-11D3-BF4B-00C04F79EFBC}") = "SES.Application", "SES.Application\SES.Application.csproj", "{87E543B2-FEE5-4CCA-B610-690B06B40983}"
EndProject
Project("{2150E333-8FDC-42A3-9474-1A3956D46DE8}") = "Core", "Core", "{5B700C48-DE50-4ABF-B0B1-93D9A1974DA4}"
EndProject
Project("{2150E333-8FDC-42A3-9474-1A3956D46DE8}") = "Infrastructure", "Infrastructure", "{8CB4F1C4-F8A6-4637-AE91-CDF8A64FFCBB}"
EndProject
Project("{2150E333-8FDC-42A3-9474-1A3956D46DE8}") = "Presentation", "Presentation", "{8922169F-BF6F-447A-A076-CA8EE3D14F5D}"
EndProject
Global
	GlobalSection(SolutionConfigurationPlatforms) = preSolution
		Debug|Any CPU = Debug|Any CPU
		Release|Any CPU = Release|Any CPU
	EndGlobalSection
	GlobalSection(ProjectConfigurationPlatforms) = postSolution
		{BF604489-7E95-4700-A000-0DCECE52D7D7}.Debug|Any CPU.ActiveCfg = Debug|Any CPU
		{BF604489-7E95-4700-A000-0DCECE52D7D7}.Debug|Any CPU.Build.0 = Debug|Any CPU
		{BF604489-7E95-4700-A000-0DCECE52D7D7}.Release|Any CPU.ActiveCfg = Release|Any CPU
		{BF604489-7E95-4700-A000-0DCECE52D7D7}.Release|Any CPU.Build.0 = Release|Any CPU
		{D40C2406-7149-40C1-B00E-F6DE8154327D}.Debug|Any CPU.ActiveCfg = Debug|Any CPU
		{D40C2406-7149-40C1-B00E-F6DE8154327D}.Debug|Any CPU.Build.0 = Debug|Any CPU
		{D40C2406-7149-40C1-B00E-F6DE8154327D}.Release|Any CPU.ActiveCfg = Release|Any CPU
		{D40C2406-7149-40C1-B00E-F6DE8154327D}.Release|Any CPU.Build.0 = Release|Any CPU
		{8AA1B261-764C-4B41-8CEC-96562476DB2F}.Debug|Any CPU.ActiveCfg = Debug|Any CPU
		{8AA1B261-764C-4B41-8CEC-96562476DB2F}.Debug|Any CPU.Build.0 = Debug|Any CPU
		{8AA1B261-764C-4B41-8CEC-96562476DB2F}.Release|Any CPU.ActiveCfg = Release|Any CPU
		{8AA1B261-764C-4B41-8CEC-96562476DB2F}.Release|Any CPU.Build.0 = Release|Any CPU
		{D7A7C436-B9D5-42A2-8EE2-F17435B92F87}.Debug|Any CPU.ActiveCfg = Debug|Any CPU
		{D7A7C436-B9D5-42A2-8EE2-F17435B92F87}.Debug|Any CPU.Build.0 = Debug|Any CPU
		{D7A7C436-B9D5-42A2-8EE2-F17435B92F87}.Release|Any CPU.ActiveCfg = Release|Any CPU
		{D7A7C436-B9D5-42A2-8EE2-F17435B92F87}.Release|Any CPU.Build.0 = Release|Any CPU
		{87E543B2-FEE5-4CCA-B610-690B06B40983}.Debug|Any CPU.ActiveCfg = Debug|Any CPU
		{87E543B2-FEE5-4CCA-B610-690B06B40983}.Debug|Any CPU.Build.0 = Debug|Any CPU
		{87E543B2-FEE5-4CCA-B610-690B06B40983}.Release|Any CPU.ActiveCfg = Release|Any CPU
		{87E543B2-FEE5-4CCA-B610-690B06B40983}.Release|Any CPU.Build.0 = Release|Any CPU
	EndGlobalSection
	GlobalSection(NestedProjects) = preSolution
		{87E543B2-FEE5-4CCA-B610-690B06B40983} = {5B700C48-DE50-4ABF-B0B1-93D9A1974DA4}
		{D7A7C436-B9D5-42A2-8EE2-F17435B92F87} = {5B700C48-DE50-4ABF-B0B1-93D9A1974DA4}
		{8AA1B261-764C-4B41-8CEC-96562476DB2F} = {8CB4F1C4-F8A6-4637-AE91-CDF8A64FFCBB}
		{D40C2406-7149-40C1-B00E-F6DE8154327D} = {8CB4F1C4-F8A6-4637-AE91-CDF8A64FFCBB}
		{BF604489-7E95-4700-A000-0DCECE52D7D7} = {8922169F-BF6F-447A-A076-CA8EE3D14F5D}
	EndGlobalSection
EndGlobal
